langcode: en
status: true
dependencies:
  module:
    - islandora
    - openseadragon
label: 'Paged Content - Openseadragon'
name: openseadragon_block
group: Display
description: 'Display a block for Paged Content'
requireAllConditions: false
disabled: false
conditions:
  node_has_term:
    id: node_has_term
    negate: false
    uuid: e5689bd5-7eec-4378-b329-2f35d5bb35b0
    context_mapping:
      node: '@node.node_route_context:node'
    uri: 'https://schema.org/Book,https://schema.org/PublicationIssue'
    logic: or
reactions:
  blocks:
    id: blocks
    uuid: 50b9b25e-0836-4531-8a78-9698d71d81de
    blocks:
      d19bb20b-6aa3-477a-b717-a282ac57918c:
        uuid: d19bb20b-6aa3-477a-b717-a282ac57918c
        id: openseadragon_block
        label: 'Openseadragon block'
        provider: openseadragon
        label_display: '0'
        region: content
        weight: '-2'
        custom_id: openseadragon_block
        theme: york_drupal_theme
        css_class: ''
        unique: 0
        context_id: openseadragon_block
        context_mapping: {  }
        iiif_manifest_url: 'node/[node:nid]/book-manifest'
        third_party_settings: {  }
    include_default_blocks: 1
    saved: false
weight: -1
